// !$*UTF8*$!
{
	archiveVersion = 1;
	classes = {
	};
	objectVersion = 56;
	objects = {

/* Begin PBXBuildFile section */
		61F117DD2B56F275003761C1 /* MyProfileView.swift in Sources */ = {isa = PBXBuildFile; fileRef = 61F117DC2B56F275003761C1 /* MyProfileView.swift */; };
		61F117DF2B56F283003761C1 /* ReportView.swift in Sources */ = {isa = PBXBuildFile; fileRef = 61F117DE2B56F283003761C1 /* ReportView.swift */; };
		61F117E12B56F291003761C1 /* RunningView.swift in Sources */ = {isa = PBXBuildFile; fileRef = 61F117E02B56F291003761C1 /* RunningView.swift */; };
		61F117E32B56F29A003761C1 /* Login.swift in Sources */ = {isa = PBXBuildFile; fileRef = 61F117E22B56F29A003761C1 /* Login.swift */; };
		61F117E52B56F2B9003761C1 /* LoginViewModel.swift in Sources */ = {isa = PBXBuildFile; fileRef = 61F117E42B56F2B9003761C1 /* LoginViewModel.swift */; };
		61F117E72B56F2C6003761C1 /* RunningViewModel.swift in Sources */ = {isa = PBXBuildFile; fileRef = 61F117E62B56F2C6003761C1 /* RunningViewModel.swift */; };
		61F117E92B56F2D1003761C1 /* ReportViewModel.swift in Sources */ = {isa = PBXBuildFile; fileRef = 61F117E82B56F2D1003761C1 /* ReportViewModel.swift */; };
		61F117EB2B56F2DC003761C1 /* MyProfileViewModel.swift in Sources */ = {isa = PBXBuildFile; fileRef = 61F117EA2B56F2DC003761C1 /* MyProfileViewModel.swift */; };
		61F117EF2B56F2FA003761C1 /* Color+.swift in Sources */ = {isa = PBXBuildFile; fileRef = 61F117EE2B56F2FA003761C1 /* Color+.swift */; };
		61F117F12B56F7F6003761C1 /* CustomButton.swift in Sources */ = {isa = PBXBuildFile; fileRef = 61F117F02B56F7F6003761C1 /* CustomButton.swift */; };
		8298CFDF2B5A10EE009FD48A /* Constants.swift in Sources */ = {isa = PBXBuildFile; fileRef = 8298CFDE2B5A10EE009FD48A /* Constants.swift */; };
		8298CFE12B5A16BA009FD48A /* TUCanvas.swift in Sources */ = {isa = PBXBuildFile; fileRef = 8298CFE02B5A16BA009FD48A /* TUCanvas.swift */; };
		8298CFE32B5A17F5009FD48A /* TUCanvasModifier.swift in Sources */ = {isa = PBXBuildFile; fileRef = 8298CFE22B5A17F5009FD48A /* TUCanvasModifier.swift */; };
		82C1C6002B56E6AA00EBDAEE /* TrackusApp.swift in Sources */ = {isa = PBXBuildFile; fileRef = 82C1C5FF2B56E6AA00EBDAEE /* TrackusApp.swift */; };
		82C1C6022B56E6AA00EBDAEE /* ContentView.swift in Sources */ = {isa = PBXBuildFile; fileRef = 82C1C6012B56E6AA00EBDAEE /* ContentView.swift */; };
		82C1C6042B56E6AA00EBDAEE /* Assets.xcassets in Resources */ = {isa = PBXBuildFile; fileRef = 82C1C6032B56E6AA00EBDAEE /* Assets.xcassets */; };
		82C1C6072B56E6AA00EBDAEE /* Preview Assets.xcassets in Resources */ = {isa = PBXBuildFile; fileRef = 82C1C6062B56E6AA00EBDAEE /* Preview Assets.xcassets */; };
/* End PBXBuildFile section */

/* Begin PBXFileReference section */
		61F117DC2B56F275003761C1 /* MyProfileView.swift */ = {isa = PBXFileReference; lastKnownFileType = sourcecode.swift; path = MyProfileView.swift; sourceTree = "<group>"; };
		61F117DE2B56F283003761C1 /* ReportView.swift */ = {isa = PBXFileReference; lastKnownFileType = sourcecode.swift; path = ReportView.swift; sourceTree = "<group>"; };
		61F117E02B56F291003761C1 /* RunningView.swift */ = {isa = PBXFileReference; lastKnownFileType = sourcecode.swift; path = RunningView.swift; sourceTree = "<group>"; };
		61F117E22B56F29A003761C1 /* Login.swift */ = {isa = PBXFileReference; lastKnownFileType = sourcecode.swift; path = Login.swift; sourceTree = "<group>"; };
		61F117E42B56F2B9003761C1 /* LoginViewModel.swift */ = {isa = PBXFileReference; lastKnownFileType = sourcecode.swift; path = LoginViewModel.swift; sourceTree = "<group>"; };
		61F117E62B56F2C6003761C1 /* RunningViewModel.swift */ = {isa = PBXFileReference; lastKnownFileType = sourcecode.swift; path = RunningViewModel.swift; sourceTree = "<group>"; };
		61F117E82B56F2D1003761C1 /* ReportViewModel.swift */ = {isa = PBXFileReference; lastKnownFileType = sourcecode.swift; path = ReportViewModel.swift; sourceTree = "<group>"; };
		61F117EA2B56F2DC003761C1 /* MyProfileViewModel.swift */ = {isa = PBXFileReference; lastKnownFileType = sourcecode.swift; path = MyProfileViewModel.swift; sourceTree = "<group>"; };
		61F117EE2B56F2FA003761C1 /* Color+.swift */ = {isa = PBXFileReference; lastKnownFileType = sourcecode.swift; path = "Color+.swift"; sourceTree = "<group>"; };
		61F117F02B56F7F6003761C1 /* CustomButton.swift */ = {isa = PBXFileReference; lastKnownFileType = sourcecode.swift; path = CustomButton.swift; sourceTree = "<group>"; };
		8298CFDE2B5A10EE009FD48A /* Constants.swift */ = {isa = PBXFileReference; lastKnownFileType = sourcecode.swift; path = Constants.swift; sourceTree = "<group>"; };
		8298CFE02B5A16BA009FD48A /* TUCanvas.swift */ = {isa = PBXFileReference; lastKnownFileType = sourcecode.swift; path = TUCanvas.swift; sourceTree = "<group>"; };
		8298CFE22B5A17F5009FD48A /* TUCanvasModifier.swift */ = {isa = PBXFileReference; lastKnownFileType = sourcecode.swift; path = TUCanvasModifier.swift; sourceTree = "<group>"; };
		82C1C5FC2B56E6AA00EBDAEE /* Trackus.app */ = {isa = PBXFileReference; explicitFileType = wrapper.application; includeInIndex = 0; path = Trackus.app; sourceTree = BUILT_PRODUCTS_DIR; };
		82C1C5FF2B56E6AA00EBDAEE /* TrackusApp.swift */ = {isa = PBXFileReference; lastKnownFileType = sourcecode.swift; path = TrackusApp.swift; sourceTree = "<group>"; };
		82C1C6012B56E6AA00EBDAEE /* ContentView.swift */ = {isa = PBXFileReference; lastKnownFileType = sourcecode.swift; path = ContentView.swift; sourceTree = "<group>"; };
		82C1C6032B56E6AA00EBDAEE /* Assets.xcassets */ = {isa = PBXFileReference; lastKnownFileType = folder.assetcatalog; path = Assets.xcassets; sourceTree = "<group>"; };
		82C1C6062B56E6AA00EBDAEE /* Preview Assets.xcassets */ = {isa = PBXFileReference; lastKnownFileType = folder.assetcatalog; path = "Preview Assets.xcassets"; sourceTree = "<group>"; };
/* End PBXFileReference section */

/* Begin PBXFrameworksBuildPhase section */
		82C1C5F92B56E6AA00EBDAEE /* Frameworks */ = {
			isa = PBXFrameworksBuildPhase;
			buildActionMask = 2147483647;
			files = (
			);
			runOnlyForDeploymentPostprocessing = 0;
		};
/* End PBXFrameworksBuildPhase section */

/* Begin PBXGroup section */
		61F117C42B56EDD9003761C1 /* Sources */ = {
			isa = PBXGroup;
			children = (
				61F117D62B56F10D003761C1 /* Commons */,
				61F117D42B56EFCD003761C1 /* Root */,
				61F117CB2B56EF1A003761C1 /* MyProfile */,
				61F117C92B56EF00003761C1 /* Report */,
				61F117C82B56EED9003761C1 /* Running */,
				61F117C62B56EEB5003761C1 /* Login */,
			);
			path = Sources;
			sourceTree = "<group>";
		};
		61F117C52B56EE5C003761C1 /* Resources */ = {
			isa = PBXGroup;
			children = (
				82C1C6052B56E6AA00EBDAEE /* Preview Content */,
				82C1C6032B56E6AA00EBDAEE /* Assets.xcassets */,
			);
			path = Resources;
			sourceTree = "<group>";
		};
		61F117C62B56EEB5003761C1 /* Login */ = {
			isa = PBXGroup;
			children = (
				61F117D32B56EF99003761C1 /* ViewModel */,
				61F117D22B56EF96003761C1 /* View */,
			);
			path = Login;
			sourceTree = "<group>";
		};
		61F117C82B56EED9003761C1 /* Running */ = {
			isa = PBXGroup;
			children = (
				61F117D12B56EF8C003761C1 /* VIewModel */,
				61F117D02B56EF8A003761C1 /* View */,
			);
			path = Running;
			sourceTree = "<group>";
		};
		61F117C92B56EF00003761C1 /* Report */ = {
			isa = PBXGroup;
			children = (
				61F117CF2B56EF85003761C1 /* VIewModel */,
				61F117CE2B56EF81003761C1 /* View */,
			);
			path = Report;
			sourceTree = "<group>";
		};
		61F117CB2B56EF1A003761C1 /* MyProfile */ = {
			isa = PBXGroup;
			children = (
				61F117CD2B56EF7B003761C1 /* ViewModel */,
				61F117CC2B56EF76003761C1 /* View */,
			);
			path = MyProfile;
			sourceTree = "<group>";
		};
		61F117CC2B56EF76003761C1 /* View */ = {
			isa = PBXGroup;
			children = (
				61F117DC2B56F275003761C1 /* MyProfileView.swift */,
			);
			path = View;
			sourceTree = "<group>";
		};
		61F117CD2B56EF7B003761C1 /* ViewModel */ = {
			isa = PBXGroup;
			children = (
				61F117EA2B56F2DC003761C1 /* MyProfileViewModel.swift */,
			);
			path = ViewModel;
			sourceTree = "<group>";
		};
		61F117CE2B56EF81003761C1 /* View */ = {
			isa = PBXGroup;
			children = (
				61F117DE2B56F283003761C1 /* ReportView.swift */,
			);
			path = View;
			sourceTree = "<group>";
		};
		61F117CF2B56EF85003761C1 /* VIewModel */ = {
			isa = PBXGroup;
			children = (
				61F117E82B56F2D1003761C1 /* ReportViewModel.swift */,
			);
			path = VIewModel;
			sourceTree = "<group>";
		};
		61F117D02B56EF8A003761C1 /* View */ = {
			isa = PBXGroup;
			children = (
				61F117E02B56F291003761C1 /* RunningView.swift */,
			);
			path = View;
			sourceTree = "<group>";
		};
		61F117D12B56EF8C003761C1 /* VIewModel */ = {
			isa = PBXGroup;
			children = (
				61F117E62B56F2C6003761C1 /* RunningViewModel.swift */,
			);
			path = VIewModel;
			sourceTree = "<group>";
		};
		61F117D22B56EF96003761C1 /* View */ = {
			isa = PBXGroup;
			children = (
				61F117E22B56F29A003761C1 /* Login.swift */,
			);
			path = View;
			sourceTree = "<group>";
		};
		61F117D32B56EF99003761C1 /* ViewModel */ = {
			isa = PBXGroup;
			children = (
				61F117E42B56F2B9003761C1 /* LoginViewModel.swift */,
			);
			path = ViewModel;
			sourceTree = "<group>";
		};
		61F117D42B56EFCD003761C1 /* Root */ = {
			isa = PBXGroup;
			children = (
				82C1C5FF2B56E6AA00EBDAEE /* TrackusApp.swift */,
				82C1C6012B56E6AA00EBDAEE /* ContentView.swift */,
			);
			path = Root;
			sourceTree = "<group>";
		};
		61F117D62B56F10D003761C1 /* Commons */ = {
			isa = PBXGroup;
			children = (
				8298CFD92B5A0CBD009FD48A /* Modifiers */,
				61F117D82B56F1C5003761C1 /* Items */,
				61F117D72B56F1BE003761C1 /* Extensions */,
				8298CFDE2B5A10EE009FD48A /* Constants.swift */,
			);
			path = Commons;
			sourceTree = "<group>";
		};
		61F117D72B56F1BE003761C1 /* Extensions */ = {
			isa = PBXGroup;
			children = (
				61F117EE2B56F2FA003761C1 /* Color+.swift */,
			);
			path = Extensions;
			sourceTree = "<group>";
		};
		61F117D82B56F1C5003761C1 /* Items */ = {
			isa = PBXGroup;
			children = (
				61F117F02B56F7F6003761C1 /* CustomButton.swift */,
				8298CFE02B5A16BA009FD48A /* TUCanvas.swift */,
			);
			path = Items;
			sourceTree = "<group>";
		};
		8298CFD92B5A0CBD009FD48A /* Modifiers */ = {
			isa = PBXGroup;
			children = (
				8298CFE22B5A17F5009FD48A /* TUCanvasModifier.swift */,
			);
			path = Modifiers;
			sourceTree = "<group>";
		};
		82C1C5F32B56E6AA00EBDAEE = {
			isa = PBXGroup;
			children = (
				82C1C5FE2B56E6AA00EBDAEE /* Trackus */,
				82C1C5FD2B56E6AA00EBDAEE /* Products */,
			);
			sourceTree = "<group>";
		};
		82C1C5FD2B56E6AA00EBDAEE /* Products */ = {
			isa = PBXGroup;
			children = (
				82C1C5FC2B56E6AA00EBDAEE /* Trackus.app */,
			);
			name = Products;
			sourceTree = "<group>";
		};
		82C1C5FE2B56E6AA00EBDAEE /* Trackus */ = {
			isa = PBXGroup;
			children = (
				61F117C52B56EE5C003761C1 /* Resources */,
				61F117C42B56EDD9003761C1 /* Sources */,
			);
			path = Trackus;
			sourceTree = "<group>";
		};
		82C1C6052B56E6AA00EBDAEE /* Preview Content */ = {
			isa = PBXGroup;
			children = (
				82C1C6062B56E6AA00EBDAEE /* Preview Assets.xcassets */,
			);
			path = "Preview Content";
			sourceTree = "<group>";
		};
/* End PBXGroup section */

/* Begin PBXNativeTarget section */
		82C1C5FB2B56E6AA00EBDAEE /* Trackus */ = {
			isa = PBXNativeTarget;
			buildConfigurationList = 82C1C60A2B56E6AA00EBDAEE /* Build configuration list for PBXNativeTarget "Trackus" */;
			buildPhases = (
				82C1C5F82B56E6AA00EBDAEE /* Sources */,
				82C1C5F92B56E6AA00EBDAEE /* Frameworks */,
				82C1C5FA2B56E6AA00EBDAEE /* Resources */,
			);
			buildRules = (
			);
			dependencies = (
			);
			name = Trackus;
			productName = Trackus;
			productReference = 82C1C5FC2B56E6AA00EBDAEE /* Trackus.app */;
			productType = "com.apple.product-type.application";
		};
/* End PBXNativeTarget section */

/* Begin PBXProject section */
		82C1C5F42B56E6AA00EBDAEE /* Project object */ = {
			isa = PBXProject;
			attributes = {
				BuildIndependentTargetsInParallel = 1;
				LastSwiftUpdateCheck = 1500;
				LastUpgradeCheck = 1500;
				TargetAttributes = {
					82C1C5FB2B56E6AA00EBDAEE = {
						CreatedOnToolsVersion = 15.0.1;
					};
				};
			};
			buildConfigurationList = 82C1C5F72B56E6AA00EBDAEE /* Build configuration list for PBXProject "Trackus" */;
			compatibilityVersion = "Xcode 14.0";
			developmentRegion = en;
			hasScannedForEncodings = 0;
			knownRegions = (
				en,
				Base,
			);
			mainGroup = 82C1C5F32B56E6AA00EBDAEE;
			productRefGroup = 82C1C5FD2B56E6AA00EBDAEE /* Products */;
			projectDirPath = "";
			projectRoot = "";
			targets = (
				82C1C5FB2B56E6AA00EBDAEE /* Trackus */,
			);
		};
/* End PBXProject section */

/* Begin PBXResourcesBuildPhase section */
		82C1C5FA2B56E6AA00EBDAEE /* Resources */ = {
			isa = PBXResourcesBuildPhase;
			buildActionMask = 2147483647;
			files = (
				82C1C6072B56E6AA00EBDAEE /* Preview Assets.xcassets in Resources */,
				82C1C6042B56E6AA00EBDAEE /* Assets.xcassets in Resources */,
			);
			runOnlyForDeploymentPostprocessing = 0;
		};
/* End PBXResourcesBuildPhase section */

/* Begin PBXSourcesBuildPhase section */
		82C1C5F82B56E6AA00EBDAEE /* Sources */ = {
			isa = PBXSourcesBuildPhase;
			buildActionMask = 2147483647;
			files = (
				61F117E92B56F2D1003761C1 /* ReportViewModel.swift in Sources */,
				82C1C6022B56E6AA00EBDAEE /* ContentView.swift in Sources */,
				61F117EB2B56F2DC003761C1 /* MyProfileViewModel.swift in Sources */,
				61F117E12B56F291003761C1 /* RunningView.swift in Sources */,
				61F117DD2B56F275003761C1 /* MyProfileView.swift in Sources */,
				61F117E32B56F29A003761C1 /* Login.swift in Sources */,
				8298CFE12B5A16BA009FD48A /* TUCanvas.swift in Sources */,
				61F117EF2B56F2FA003761C1 /* Color+.swift in Sources */,
				61F117DF2B56F283003761C1 /* ReportView.swift in Sources */,
				61F117F12B56F7F6003761C1 /* CustomButton.swift in Sources */,
				82C1C6002B56E6AA00EBDAEE /* TrackusApp.swift in Sources */,
				8298CFDF2B5A10EE009FD48A /* Constants.swift in Sources */,
				8298CFE32B5A17F5009FD48A /* TUCanvasModifier.swift in Sources */,
				61F117E72B56F2C6003761C1 /* RunningViewModel.swift in Sources */,
				61F117E52B56F2B9003761C1 /* LoginViewModel.swift in Sources */,
			);
			runOnlyForDeploymentPostprocessing = 0;
		};
/* End PBXSourcesBuildPhase section */

/* Begin XCBuildConfiguration section */
		82C1C6082B56E6AA00EBDAEE /* Debug */ = {
			isa = XCBuildConfiguration;
			buildSettings = {
				ALWAYS_SEARCH_USER_PATHS = NO;
				ASSETCATALOG_COMPILER_GENERATE_SWIFT_ASSET_SYMBOL_EXTENSIONS = YES;
				CLANG_ANALYZER_NONNULL = YES;
				CLANG_ANALYZER_NUMBER_OBJECT_CONVERSION = YES_AGGRESSIVE;
				CLANG_CXX_LANGUAGE_STANDARD = "gnu++20";
				CLANG_ENABLE_MODULES = YES;
				CLANG_ENABLE_OBJC_ARC = YES;
				CLANG_ENABLE_OBJC_WEAK = YES;
				CLANG_WARN_BLOCK_CAPTURE_AUTORELEASING = YES;
				CLANG_WARN_BOOL_CONVERSION = YES;
				CLANG_WARN_COMMA = YES;
				CLANG_WARN_CONSTANT_CONVERSION = YES;
				CLANG_WARN_DEPRECATED_OBJC_IMPLEMENTATIONS = YES;
				CLANG_WARN_DIRECT_OBJC_ISA_USAGE = YES_ERROR;
				CLANG_WARN_DOCUMENTATION_COMMENTS = YES;
				CLANG_WARN_EMPTY_BODY = YES;
				CLANG_WARN_ENUM_CONVERSION = YES;
				CLANG_WARN_INFINITE_RECURSION = YES;
				CLANG_WARN_INT_CONVERSION = YES;
				CLANG_WARN_NON_LITERAL_NULL_CONVERSION = YES;
				CLANG_WARN_OBJC_IMPLICIT_RETAIN_SELF = YES;
				CLANG_WARN_OBJC_LITERAL_CONVERSION = YES;
				CLANG_WARN_OBJC_ROOT_CLASS = YES_ERROR;
				CLANG_WARN_QUOTED_INCLUDE_IN_FRAMEWORK_HEADER = YES;
				CLANG_WARN_RANGE_LOOP_ANALYSIS = YES;
				CLANG_WARN_STRICT_PROTOTYPES = YES;
				CLANG_WARN_SUSPICIOUS_MOVE = YES;
				CLANG_WARN_UNGUARDED_AVAILABILITY = YES_AGGRESSIVE;
				CLANG_WARN_UNREACHABLE_CODE = YES;
				CLANG_WARN__DUPLICATE_METHOD_MATCH = YES;
				COPY_PHASE_STRIP = NO;
				DEBUG_INFORMATION_FORMAT = dwarf;
				ENABLE_STRICT_OBJC_MSGSEND = YES;
				ENABLE_TESTABILITY = YES;
				ENABLE_USER_SCRIPT_SANDBOXING = YES;
				GCC_C_LANGUAGE_STANDARD = gnu17;
				GCC_DYNAMIC_NO_PIC = NO;
				GCC_NO_COMMON_BLOCKS = YES;
				GCC_OPTIMIZATION_LEVEL = 0;
				GCC_PREPROCESSOR_DEFINITIONS = (
					"DEBUG=1",
					"$(inherited)",
				);
				GCC_WARN_64_TO_32_BIT_CONVERSION = YES;
				GCC_WARN_ABOUT_RETURN_TYPE = YES_ERROR;
				GCC_WARN_UNDECLARED_SELECTOR = YES;
				GCC_WARN_UNINITIALIZED_AUTOS = YES_AGGRESSIVE;
				GCC_WARN_UNUSED_FUNCTION = YES;
				GCC_WARN_UNUSED_VARIABLE = YES;
				IPHONEOS_DEPLOYMENT_TARGET = 17.0;
				LOCALIZATION_PREFERS_STRING_CATALOGS = YES;
				MTL_ENABLE_DEBUG_INFO = INCLUDE_SOURCE;
				MTL_FAST_MATH = YES;
				ONLY_ACTIVE_ARCH = YES;
				SDKROOT = iphoneos;
				SWIFT_ACTIVE_COMPILATION_CONDITIONS = "DEBUG $(inherited)";
				SWIFT_OPTIMIZATION_LEVEL = "-Onone";
			};
			name = Debug;
		};
		82C1C6092B56E6AA00EBDAEE /* Release */ = {
			isa = XCBuildConfiguration;
			buildSettings = {
				ALWAYS_SEARCH_USER_PATHS = NO;
				ASSETCATALOG_COMPILER_GENERATE_SWIFT_ASSET_SYMBOL_EXTENSIONS = YES;
				CLANG_ANALYZER_NONNULL = YES;
				CLANG_ANALYZER_NUMBER_OBJECT_CONVERSION = YES_AGGRESSIVE;
				CLANG_CXX_LANGUAGE_STANDARD = "gnu++20";
				CLANG_ENABLE_MODULES = YES;
				CLANG_ENABLE_OBJC_ARC = YES;
				CLANG_ENABLE_OBJC_WEAK = YES;
				CLANG_WARN_BLOCK_CAPTURE_AUTORELEASING = YES;
				CLANG_WARN_BOOL_CONVERSION = YES;
				CLANG_WARN_COMMA = YES;
				CLANG_WARN_CONSTANT_CONVERSION = YES;
				CLANG_WARN_DEPRECATED_OBJC_IMPLEMENTATIONS = YES;
				CLANG_WARN_DIRECT_OBJC_ISA_USAGE = YES_ERROR;
				CLANG_WARN_DOCUMENTATION_COMMENTS = YES;
				CLANG_WARN_EMPTY_BODY = YES;
				CLANG_WARN_ENUM_CONVERSION = YES;
				CLANG_WARN_INFINITE_RECURSION = YES;
				CLANG_WARN_INT_CONVERSION = YES;
				CLANG_WARN_NON_LITERAL_NULL_CONVERSION = YES;
				CLANG_WARN_OBJC_IMPLICIT_RETAIN_SELF = YES;
				CLANG_WARN_OBJC_LITERAL_CONVERSION = YES;
				CLANG_WARN_OBJC_ROOT_CLASS = YES_ERROR;
				CLANG_WARN_QUOTED_INCLUDE_IN_FRAMEWORK_HEADER = YES;
				CLANG_WARN_RANGE_LOOP_ANALYSIS = YES;
				CLANG_WARN_STRICT_PROTOTYPES = YES;
				CLANG_WARN_SUSPICIOUS_MOVE = YES;
				CLANG_WARN_UNGUARDED_AVAILABILITY = YES_AGGRESSIVE;
				CLANG_WARN_UNREACHABLE_CODE = YES;
				CLANG_WARN__DUPLICATE_METHOD_MATCH = YES;
				COPY_PHASE_STRIP = NO;
				DEBUG_INFORMATION_FORMAT = "dwarf-with-dsym";
				ENABLE_NS_ASSERTIONS = NO;
				ENABLE_STRICT_OBJC_MSGSEND = YES;
				ENABLE_USER_SCRIPT_SANDBOXING = YES;
				GCC_C_LANGUAGE_STANDARD = gnu17;
				GCC_NO_COMMON_BLOCKS = YES;
				GCC_WARN_64_TO_32_BIT_CONVERSION = YES;
				GCC_WARN_ABOUT_RETURN_TYPE = YES_ERROR;
				GCC_WARN_UNDECLARED_SELECTOR = YES;
				GCC_WARN_UNINITIALIZED_AUTOS = YES_AGGRESSIVE;
				GCC_WARN_UNUSED_FUNCTION = YES;
				GCC_WARN_UNUSED_VARIABLE = YES;
				IPHONEOS_DEPLOYMENT_TARGET = 17.0;
				LOCALIZATION_PREFERS_STRING_CATALOGS = YES;
				MTL_ENABLE_DEBUG_INFO = NO;
				MTL_FAST_MATH = YES;
				SDKROOT = iphoneos;
				SWIFT_COMPILATION_MODE = wholemodule;
				VALIDATE_PRODUCT = YES;
			};
			name = Release;
		};
		82C1C60B2B56E6AA00EBDAEE /* Debug */ = {
			isa = XCBuildConfiguration;
			buildSettings = {
				ASSETCATALOG_COMPILER_APPICON_NAME = AppIcon;
				ASSETCATALOG_COMPILER_GLOBAL_ACCENT_COLOR_NAME = AccentColor;
				CODE_SIGN_STYLE = Automatic;
				CURRENT_PROJECT_VERSION = 1;
				DEVELOPMENT_ASSET_PATHS = "\"Trackus/Resources/Preview Content\"";
				DEVELOPMENT_TEAM = P4D4ZQC4YF;
				ENABLE_PREVIEWS = YES;
				GENERATE_INFOPLIST_FILE = YES;
				INFOPLIST_KEY_UIApplicationSceneManifest_Generation = YES;
				INFOPLIST_KEY_UIApplicationSupportsIndirectInputEvents = YES;
				INFOPLIST_KEY_UILaunchScreen_Generation = YES;
				INFOPLIST_KEY_UISupportedInterfaceOrientations_iPad = "UIInterfaceOrientationPortrait UIInterfaceOrientationPortraitUpsideDown UIInterfaceOrientationLandscapeLeft UIInterfaceOrientationLandscapeRight";
				INFOPLIST_KEY_UISupportedInterfaceOrientations_iPhone = "UIInterfaceOrientationPortrait UIInterfaceOrientationLandscapeLeft UIInterfaceOrientationLandscapeRight";
				LD_RUNPATH_SEARCH_PATHS = (
					"$(inherited)",
					"@executable_path/Frameworks",
				);
				MARKETING_VERSION = 1.0;
				PRODUCT_BUNDLE_IDENTIFIER = ios3.Trackus;
				PRODUCT_NAME = "$(TARGET_NAME)";
				SWIFT_EMIT_LOC_STRINGS = YES;
				SWIFT_VERSION = 5.0;
				TARGETED_DEVICE_FAMILY = "1,2";
			};
			name = Debug;
		};
		82C1C60C2B56E6AA00EBDAEE /* Release */ = {
			isa = XCBuildConfiguration;
			buildSettings = {
				ASSETCATALOG_COMPILER_APPICON_NAME = AppIcon;
				ASSETCATALOG_COMPILER_GLOBAL_ACCENT_COLOR_NAME = AccentColor;
				CODE_SIGN_STYLE = Automatic;
				CURRENT_PROJECT_VERSION = 1;
				DEVELOPMENT_ASSET_PATHS = "\"Trackus/Resources/Preview Content\"";
				DEVELOPMENT_TEAM = P4D4ZQC4YF;
				ENABLE_PREVIEWS = YES;
				GENERATE_INFOPLIST_FILE = YES;
				INFOPLIST_KEY_UIApplicationSceneManifest_Generation = YES;
				INFOPLIST_KEY_UIApplicationSupportsIndirectInputEvents = YES;
				INFOPLIST_KEY_UILaunchScreen_Generation = YES;
				INFOPLIST_KEY_UISupportedInterfaceOrientations_iPad = "UIInterfaceOrientationPortrait UIInterfaceOrientationPortraitUpsideDown UIInterfaceOrientationLandscapeLeft UIInterfaceOrientationLandscapeRight";
				INFOPLIST_KEY_UISupportedInterfaceOrientations_iPhone = "UIInterfaceOrientationPortrait UIInterfaceOrientationLandscapeLeft UIInterfaceOrientationLandscapeRight";
				LD_RUNPATH_SEARCH_PATHS = (
					"$(inherited)",
					"@executable_path/Frameworks",
				);
				MARKETING_VERSION = 1.0;
				PRODUCT_BUNDLE_IDENTIFIER = ios3.Trackus;
				PRODUCT_NAME = "$(TARGET_NAME)";
				SWIFT_EMIT_LOC_STRINGS = YES;
				SWIFT_VERSION = 5.0;
				TARGETED_DEVICE_FAMILY = "1,2";
			};
			name = Release;
		};
/* End XCBuildConfiguration section */

/* Begin XCConfigurationList section */
		82C1C5F72B56E6AA00EBDAEE /* Build configuration list for PBXProject "Trackus" */ = {
			isa = XCConfigurationList;
			buildConfigurations = (
				82C1C6082B56E6AA00EBDAEE /* Debug */,
				82C1C6092B56E6AA00EBDAEE /* Release */,
			);
			defaultConfigurationIsVisible = 0;
			defaultConfigurationName = Release;
		};
		82C1C60A2B56E6AA00EBDAEE /* Build configuration list for PBXNativeTarget "Trackus" */ = {
			isa = XCConfigurationList;
			buildConfigurations = (
				82C1C60B2B56E6AA00EBDAEE /* Debug */,
				82C1C60C2B56E6AA00EBDAEE /* Release */,
			);
			defaultConfigurationIsVisible = 0;
			defaultConfigurationName = Release;
		};
/* End XCConfigurationList section */
	};
	rootObject = 82C1C5F42B56E6AA00EBDAEE /* Project object */;
}
